// !$*UTF8*$!
{
	archiveVersion = 1;
	classes = {
	};
	objectVersion = 56;
	objects = {

/* Begin PBXBuildFile section */
		ED1ADD3829362A12006596ED /* AppDelegate.swift in Sources */ = {isa = PBXBuildFile; fileRef = ED1ADD3729362A12006596ED /* AppDelegate.swift */; };
		ED1ADD3A29362A12006596ED /* SceneDelegate.swift in Sources */ = {isa = PBXBuildFile; fileRef = ED1ADD3929362A12006596ED /* SceneDelegate.swift */; };
		ED1ADD3C29362A12006596ED /* ViewController.swift in Sources */ = {isa = PBXBuildFile; fileRef = ED1ADD3B29362A12006596ED /* ViewController.swift */; };
		ED1ADD3F29362A12006596ED /* Main.storyboard in Resources */ = {isa = PBXBuildFile; fileRef = ED1ADD3D29362A12006596ED /* Main.storyboard */; };
		ED1ADD4229362A12006596ED /* CoreDataExample.xcdatamodeld in Sources */ = {isa = PBXBuildFile; fileRef = ED1ADD4029362A12006596ED /* CoreDataExample.xcdatamodeld */; };
		ED1ADD4429362A14006596ED /* Assets.xcassets in Resources */ = {isa = PBXBuildFile; fileRef = ED1ADD4329362A14006596ED /* Assets.xcassets */; };
		ED1ADD4729362A14006596ED /* LaunchScreen.storyboard in Resources */ = {isa = PBXBuildFile; fileRef = ED1ADD4529362A14006596ED /* LaunchScreen.storyboard */; };
		ED1ADD5629363439006596ED /* Makeup+CoreDataClass.swift in Sources */ = {isa = PBXBuildFile; fileRef = ED1ADD5229363439006596ED /* Makeup+CoreDataClass.swift */; };
		ED1ADD5729363439006596ED /* Makeup+CoreDataProperties.swift in Sources */ = {isa = PBXBuildFile; fileRef = ED1ADD5329363439006596ED /* Makeup+CoreDataProperties.swift */; };
		ED1ADD5829363439006596ED /* MakeupDetails+CoreDataClass.swift in Sources */ = {isa = PBXBuildFile; fileRef = ED1ADD5429363439006596ED /* MakeupDetails+CoreDataClass.swift */; };
		ED1ADD5929363439006596ED /* MakeupDetails+CoreDataProperties.swift in Sources */ = {isa = PBXBuildFile; fileRef = ED1ADD5529363439006596ED /* MakeupDetails+CoreDataProperties.swift */; };
/* End PBXBuildFile section */

/* Begin PBXFileReference section */
		ED1ADD3429362A12006596ED /* CoreDataExample.app */ = {isa = PBXFileReference; explicitFileType = wrapper.application; includeInIndex = 0; path = CoreDataExample.app; sourceTree = BUILT_PRODUCTS_DIR; };
		ED1ADD3729362A12006596ED /* AppDelegate.swift */ = {isa = PBXFileReference; lastKnownFileType = sourcecode.swift; path = AppDelegate.swift; sourceTree = "<group>"; };
		ED1ADD3929362A12006596ED /* SceneDelegate.swift */ = {isa = PBXFileReference; lastKnownFileType = sourcecode.swift; path = SceneDelegate.swift; sourceTree = "<group>"; };
		ED1ADD3B29362A12006596ED /* ViewController.swift */ = {isa = PBXFileReference; lastKnownFileType = sourcecode.swift; path = ViewController.swift; sourceTree = "<group>"; };
		ED1ADD3E29362A12006596ED /* Base */ = {isa = PBXFileReference; lastKnownFileType = file.storyboard; name = Base; path = Base.lproj/Main.storyboard; sourceTree = "<group>"; };
		ED1ADD4129362A12006596ED /* CoreDataExample.xcdatamodel */ = {isa = PBXFileReference; lastKnownFileType = wrapper.xcdatamodel; path = CoreDataExample.xcdatamodel; sourceTree = "<group>"; };
		ED1ADD4329362A14006596ED /* Assets.xcassets */ = {isa = PBXFileReference; lastKnownFileType = folder.assetcatalog; path = Assets.xcassets; sourceTree = "<group>"; };
		ED1ADD4629362A14006596ED /* Base */ = {isa = PBXFileReference; lastKnownFileType = file.storyboard; name = Base; path = Base.lproj/LaunchScreen.storyboard; sourceTree = "<group>"; };
		ED1ADD4829362A14006596ED /* Info.plist */ = {isa = PBXFileReference; lastKnownFileType = text.plist.xml; path = Info.plist; sourceTree = "<group>"; };
		ED1ADD5229363439006596ED /* Makeup+CoreDataClass.swift */ = {isa = PBXFileReference; lastKnownFileType = sourcecode.swift; path = "Makeup+CoreDataClass.swift"; sourceTree = "<group>"; };
		ED1ADD5329363439006596ED /* Makeup+CoreDataProperties.swift */ = {isa = PBXFileReference; lastKnownFileType = sourcecode.swift; path = "Makeup+CoreDataProperties.swift"; sourceTree = "<group>"; };
		ED1ADD5429363439006596ED /* MakeupDetails+CoreDataClass.swift */ = {isa = PBXFileReference; lastKnownFileType = sourcecode.swift; path = "MakeupDetails+CoreDataClass.swift"; sourceTree = "<group>"; };
		ED1ADD5529363439006596ED /* MakeupDetails+CoreDataProperties.swift */ = {isa = PBXFileReference; lastKnownFileType = sourcecode.swift; path = "MakeupDetails+CoreDataProperties.swift"; sourceTree = "<group>"; };
/* End PBXFileReference section */

/* Begin PBXFrameworksBuildPhase section */
		ED1ADD3129362A12006596ED /* Frameworks */ = {
			isa = PBXFrameworksBuildPhase;
			buildActionMask = 2147483647;
			files = (
			);
			runOnlyForDeploymentPostprocessing = 0;
		};
/* End PBXFrameworksBuildPhase section */

/* Begin PBXGroup section */
		ED1ADD2B29362A12006596ED = {
			isa = PBXGroup;
			children = (
				ED1ADD5229363439006596ED /* Makeup+CoreDataClass.swift */,
				ED1ADD5329363439006596ED /* Makeup+CoreDataProperties.swift */,
				ED1ADD5429363439006596ED /* MakeupDetails+CoreDataClass.swift */,
				ED1ADD5529363439006596ED /* MakeupDetails+CoreDataProperties.swift */,
				ED1ADD3629362A12006596ED /* CoreDataExample */,
				ED1ADD3529362A12006596ED /* Products */,
			);
			sourceTree = "<group>";
		};
		ED1ADD3529362A12006596ED /* Products */ = {
			isa = PBXGroup;
			children = (
				ED1ADD3429362A12006596ED /* CoreDataExample.app */,
			);
			name = Products;
			sourceTree = "<group>";
		};
		ED1ADD3629362A12006596ED /* CoreDataExample */ = {
			isa = PBXGroup;
			children = (
				ED1ADD3729362A12006596ED /* AppDelegate.swift */,
				ED1ADD3929362A12006596ED /* SceneDelegate.swift */,
				ED1ADD3B29362A12006596ED /* ViewController.swift */,
				ED1ADD3D29362A12006596ED /* Main.storyboard */,
				ED1ADD4329362A14006596ED /* Assets.xcassets */,
				ED1ADD4529362A14006596ED /* LaunchScreen.storyboard */,
				ED1ADD4829362A14006596ED /* Info.plist */,
				ED1ADD4029362A12006596ED /* CoreDataExample.xcdatamodeld */,
			);
			path = CoreDataExample;
			sourceTree = "<group>";
		};
/* End PBXGroup section */

/* Begin PBXNativeTarget section */
		ED1ADD3329362A12006596ED /* CoreDataExample */ = {
			isa = PBXNativeTarget;
			buildConfigurationList = ED1ADD4B29362A14006596ED /* Build configuration list for PBXNativeTarget "CoreDataExample" */;
			buildPhases = (
				ED1ADD3029362A12006596ED /* Sources */,
				ED1ADD3129362A12006596ED /* Frameworks */,
				ED1ADD3229362A12006596ED /* Resources */,
			);
			buildRules = (
			);
			dependencies = (
			);
			name = CoreDataExample;
			productName = CoreDataExample;
			productReference = ED1ADD3429362A12006596ED /* CoreDataExample.app */;
			productType = "com.apple.product-type.application";
		};
/* End PBXNativeTarget section */

/* Begin PBXProject section */
		ED1ADD2C29362A12006596ED /* Project object */ = {
			isa = PBXProject;
			attributes = {
				BuildIndependentTargetsInParallel = 1;
				LastSwiftUpdateCheck = 1410;
				LastUpgradeCheck = 1410;
				TargetAttributes = {
					ED1ADD3329362A12006596ED = {
						CreatedOnToolsVersion = 14.1;
					};
				};
			};
			buildConfigurationList = ED1ADD2F29362A12006596ED /* Build configuration list for PBXProject "CoreDataExample" */;
			compatibilityVersion = "Xcode 14.0";
			developmentRegion = en;
			hasScannedForEncodings = 0;
			knownRegions = (
				en,
				Base,
			);
			mainGroup = ED1ADD2B29362A12006596ED;
			productRefGroup = ED1ADD3529362A12006596ED /* Products */;
			projectDirPath = "";
			projectRoot = "";
			targets = (
				ED1ADD3329362A12006596ED /* CoreDataExample */,
			);
		};
/* End PBXProject section */

/* Begin PBXResourcesBuildPhase section */
		ED1ADD3229362A12006596ED /* Resources */ = {
			isa = PBXResourcesBuildPhase;
			buildActionMask = 2147483647;
			files = (
				ED1ADD4729362A14006596ED /* LaunchScreen.storyboard in Resources */,
				ED1ADD4429362A14006596ED /* Assets.xcassets in Resources */,
				ED1ADD3F29362A12006596ED /* Main.storyboard in Resources */,
			);
			runOnlyForDeploymentPostprocessing = 0;
		};
/* End PBXResourcesBuildPhase section */

/* Begin PBXSourcesBuildPhase section */
		ED1ADD3029362A12006596ED /* Sources */ = {
			isa = PBXSourcesBuildPhase;
			buildActionMask = 2147483647;
			files = (
				ED1ADD5829363439006596ED /* MakeupDetails+CoreDataClass.swift in Sources */,
				ED1ADD3C29362A12006596ED /* ViewController.swift in Sources */,
				ED1ADD5629363439006596ED /* Makeup+CoreDataClass.swift in Sources */,
				ED1ADD5729363439006596ED /* Makeup+CoreDataProperties.swift in Sources */,
				ED1ADD3829362A12006596ED /* AppDelegate.swift in Sources */,
				ED1ADD5929363439006596ED /* MakeupDetails+CoreDataProperties.swift in Sources */,
				ED1ADD3A29362A12006596ED /* SceneDelegate.swift in Sources */,
				ED1ADD4229362A12006596ED /* CoreDataExample.xcdatamodeld in Sources */,
			);
			runOnlyForDeploymentPostprocessing = 0;
		};
/* End PBXSourcesBuildPhase section */

/* Begin PBXVariantGroup section */
		ED1ADD3D29362A12006596ED /* Main.storyboard */ = {
			isa = PBXVariantGroup;
			children = (
				ED1ADD3E29362A12006596ED /* Base */,
			);
			name = Main.storyboard;
			sourceTree = "<group>";
		};
		ED1ADD4529362A14006596ED /* LaunchScreen.storyboard */ = {
			isa = PBXVariantGroup;
			children = (
				ED1ADD4629362A14006596ED /* Base */,
			);
			name = LaunchScreen.storyboard;
			sourceTree = "<group>";
		};
/* End PBXVariantGroup section */

/* Begin XCBuildConfiguration section */
		ED1ADD4929362A14006596ED /* Debug */ = {
			isa = XCBuildConfiguration;
			buildSettings = {
				ALWAYS_SEARCH_USER_PATHS = NO;
				CLANG_ANALYZER_NONNULL = YES;
				CLANG_ANALYZER_NUMBER_OBJECT_CONVERSION = YES_AGGRESSIVE;
				CLANG_CXX_LANGUAGE_STANDARD = "gnu++20";
				CLANG_ENABLE_MODULES = YES;
				CLANG_ENABLE_OBJC_ARC = YES;
				CLANG_ENABLE_OBJC_WEAK = YES;
				CLANG_WARN_BLOCK_CAPTURE_AUTORELEASING = YES;
				CLANG_WARN_BOOL_CONVERSION = YES;
				CLANG_WARN_COMMA = YES;
				CLANG_WARN_CONSTANT_CONVERSION = YES;
				CLANG_WARN_DEPRECATED_OBJC_IMPLEMENTATIONS = YES;
				CLANG_WARN_DIRECT_OBJC_ISA_USAGE = YES_ERROR;
				CLANG_WARN_DOCUMENTATION_COMMENTS = YES;
				CLANG_WARN_EMPTY_BODY = YES;
				CLANG_WARN_ENUM_CONVERSION = YES;
				CLANG_WARN_INFINITE_RECURSION = YES;
				CLANG_WARN_INT_CONVERSION = YES;
				CLANG_WARN_NON_LITERAL_NULL_CONVERSION = YES;
				CLANG_WARN_OBJC_IMPLICIT_RETAIN_SELF = YES;
				CLANG_WARN_OBJC_LITERAL_CONVERSION = YES;
				CLANG_WARN_OBJC_ROOT_CLASS = YES_ERROR;
				CLANG_WARN_QUOTED_INCLUDE_IN_FRAMEWORK_HEADER = YES;
				CLANG_WARN_RANGE_LOOP_ANALYSIS = YES;
				CLANG_WARN_STRICT_PROTOTYPES = YES;
				CLANG_WARN_SUSPICIOUS_MOVE = YES;
				CLANG_WARN_UNGUARDED_AVAILABILITY = YES_AGGRESSIVE;
				CLANG_WARN_UNREACHABLE_CODE = YES;
				CLANG_WARN__DUPLICATE_METHOD_MATCH = YES;
				COPY_PHASE_STRIP = NO;
				DEBUG_INFORMATION_FORMAT = dwarf;
				ENABLE_STRICT_OBJC_MSGSEND = YES;
				ENABLE_TESTABILITY = YES;
				GCC_C_LANGUAGE_STANDARD = gnu11;
				GCC_DYNAMIC_NO_PIC = NO;
				GCC_NO_COMMON_BLOCKS = YES;
				GCC_OPTIMIZATION_LEVEL = 0;
				GCC_PREPROCESSOR_DEFINITIONS = (
					"DEBUG=1",
					"$(inherited)",
				);
				GCC_WARN_64_TO_32_BIT_CONVERSION = YES;
				GCC_WARN_ABOUT_RETURN_TYPE = YES_ERROR;
				GCC_WARN_UNDECLARED_SELECTOR = YES;
				GCC_WARN_UNINITIALIZED_AUTOS = YES_AGGRESSIVE;
				GCC_WARN_UNUSED_FUNCTION = YES;
				GCC_WARN_UNUSED_VARIABLE = YES;
				IPHONEOS_DEPLOYMENT_TARGET = 16.1;
				MTL_ENABLE_DEBUG_INFO = INCLUDE_SOURCE;
				MTL_FAST_MATH = YES;
				ONLY_ACTIVE_ARCH = YES;
				SDKROOT = iphoneos;
				SWIFT_ACTIVE_COMPILATION_CONDITIONS = DEBUG;
				SWIFT_OPTIMIZATION_LEVEL = "-Onone";
			};
			name = Debug;
		};
		ED1ADD4A29362A14006596ED /* Release */ = {
			isa = XCBuildConfiguration;
			buildSettings = {
				ALWAYS_SEARCH_USER_PATHS = NO;
				CLANG_ANALYZER_NONNULL = YES;
				CLANG_ANALYZER_NUMBER_OBJECT_CONVERSION = YES_AGGRESSIVE;
				CLANG_CXX_LANGUAGE_STANDARD = "gnu++20";
				CLANG_ENABLE_MODULES = YES;
				CLANG_ENABLE_OBJC_ARC = YES;
				CLANG_ENABLE_OBJC_WEAK = YES;
				CLANG_WARN_BLOCK_CAPTURE_AUTORELEASING = YES;
				CLANG_WARN_BOOL_CONVERSION = YES;
				CLANG_WARN_COMMA = YES;
				CLANG_WARN_CONSTANT_CONVERSION = YES;
				CLANG_WARN_DEPRECATED_OBJC_IMPLEMENTATIONS = YES;
				CLANG_WARN_DIRECT_OBJC_ISA_USAGE = YES_ERROR;
				CLANG_WARN_DOCUMENTATION_COMMENTS = YES;
				CLANG_WARN_EMPTY_BODY = YES;
				CLANG_WARN_ENUM_CONVERSION = YES;
				CLANG_WARN_INFINITE_RECURSION = YES;
				CLANG_WARN_INT_CONVERSION = YES;
				CLANG_WARN_NON_LITERAL_NULL_CONVERSION = YES;
				CLANG_WARN_OBJC_IMPLICIT_RETAIN_SELF = YES;
				CLANG_WARN_OBJC_LITERAL_CONVERSION = YES;
				CLANG_WARN_OBJC_ROOT_CLASS = YES_ERROR;
				CLANG_WARN_QUOTED_INCLUDE_IN_FRAMEWORK_HEADER = YES;
				CLANG_WARN_RANGE_LOOP_ANALYSIS = YES;
				CLANG_WARN_STRICT_PROTOTYPES = YES;
				CLANG_WARN_SUSPICIOUS_MOVE = YES;
				CLANG_WARN_UNGUARDED_AVAILABILITY = YES_AGGRESSIVE;
				CLANG_WARN_UNREACHABLE_CODE = YES;
				CLANG_WARN__DUPLICATE_METHOD_MATCH = YES;
				COPY_PHASE_STRIP = NO;
				DEBUG_INFORMATION_FORMAT = "dwarf-with-dsym";
				ENABLE_NS_ASSERTIONS = NO;
				ENABLE_STRICT_OBJC_MSGSEND = YES;
				GCC_C_LANGUAGE_STANDARD = gnu11;
				GCC_NO_COMMON_BLOCKS = YES;
				GCC_WARN_64_TO_32_BIT_CONVERSION = YES;
				GCC_WARN_ABOUT_RETURN_TYPE = YES_ERROR;
				GCC_WARN_UNDECLARED_SELECTOR = YES;
				GCC_WARN_UNINITIALIZED_AUTOS = YES_AGGRESSIVE;
				GCC_WARN_UNUSED_FUNCTION = YES;
				GCC_WARN_UNUSED_VARIABLE = YES;
				IPHONEOS_DEPLOYMENT_TARGET = 16.1;
				MTL_ENABLE_DEBUG_INFO = NO;
				MTL_FAST_MATH = YES;
				SDKROOT = iphoneos;
				SWIFT_COMPILATION_MODE = wholemodule;
				SWIFT_OPTIMIZATION_LEVEL = "-O";
				VALIDATE_PRODUCT = YES;
			};
			name = Release;
		};
		ED1ADD4C29362A14006596ED /* Debug */ = {
			isa = XCBuildConfiguration;
			buildSettings = {
				ASSETCATALOG_COMPILER_APPICON_NAME = AppIcon;
				ASSETCATALOG_COMPILER_GLOBAL_ACCENT_COLOR_NAME = AccentColor;
				CODE_SIGN_STYLE = Automatic;
				CURRENT_PROJECT_VERSION = 1;
				DEVELOPMENT_TEAM = 8LPWBB654G;
				GENERATE_INFOPLIST_FILE = YES;
				INFOPLIST_FILE = CoreDataExample/Info.plist;
				INFOPLIST_KEY_UIApplicationSupportsIndirectInputEvents = YES;
				INFOPLIST_KEY_UILaunchStoryboardName = LaunchScreen;
				INFOPLIST_KEY_UIMainStoryboardFile = Main;
				INFOPLIST_KEY_UISupportedInterfaceOrientations_iPad = "UIInterfaceOrientationPortrait UIInterfaceOrientationPortraitUpsideDown UIInterfaceOrientationLandscapeLeft UIInterfaceOrientationLandscapeRight";
				INFOPLIST_KEY_UISupportedInterfaceOrientations_iPhone = "UIInterfaceOrientationPortrait UIInterfaceOrientationLandscapeLeft UIInterfaceOrientationLandscapeRight";
				LD_RUNPATH_SEARCH_PATHS = (
					"$(inherited)",
					"@executable_path/Frameworks",
				);
				MARKETING_VERSION = 1.0;
				PRODUCT_BUNDLE_IDENTIFIER = de.js.CoreDataExample;
				PRODUCT_NAME = "$(TARGET_NAME)";
				SWIFT_EMIT_LOC_STRINGS = YES;
				SWIFT_VERSION = 5.0;
				TARGETED_DEVICE_FAMILY = "1,2";
			};
			name = Debug;
		};
		ED1ADD4D29362A14006596ED /* Release */ = {
			isa = XCBuildConfiguration;
			buildSettings = {
				ASSETCATALOG_COMPILER_APPICON_NAME = AppIcon;
				ASSETCATALOG_COMPILER_GLOBAL_ACCENT_COLOR_NAME = AccentColor;
				CODE_SIGN_STYLE = Automatic;
				CURRENT_PROJECT_VERSION = 1;
				DEVELOPMENT_TEAM = 8LPWBB654G;
				GENERATE_INFOPLIST_FILE = YES;
				INFOPLIST_FILE = CoreDataExample/Info.plist;
				INFOPLIST_KEY_UIApplicationSupportsIndirectInputEvents = YES;
				INFOPLIST_KEY_UILaunchStoryboardName = LaunchScreen;
				INFOPLIST_KEY_UIMainStoryboardFile = Main;
				INFOPLIST_KEY_UISupportedInterfaceOrientations_iPad = "UIInterfaceOrientationPortrait UIInterfaceOrientationPortraitUpsideDown UIInterfaceOrientationLandscapeLeft UIInterfaceOrientationLandscapeRight";
				INFOPLIST_KEY_UISupportedInterfaceOrientations_iPhone = "UIInterfaceOrientationPortrait UIInterfaceOrientationLandscapeLeft UIInterfaceOrientationLandscapeRight";
				LD_RUNPATH_SEARCH_PATHS = (
					"$(inherited)",
					"@executable_path/Frameworks",
				);
				MARKETING_VERSION = 1.0;
				PRODUCT_BUNDLE_IDENTIFIER = de.js.CoreDataExample;
				PRODUCT_NAME = "$(TARGET_NAME)";
				SWIFT_EMIT_LOC_STRINGS = YES;
				SWIFT_VERSION = 5.0;
				TARGETED_DEVICE_FAMILY = "1,2";
			};
			name = Release;
		};
/* End XCBuildConfiguration section */

/* Begin XCConfigurationList section */
		ED1ADD2F29362A12006596ED /* Build configuration list for PBXProject "CoreDataExample" */ = {
			isa = XCConfigurationList;
			buildConfigurations = (
				ED1ADD4929362A14006596ED /* Debug */,
				ED1ADD4A29362A14006596ED /* Release */,
			);
			defaultConfigurationIsVisible = 0;
			defaultConfigurationName = Release;
		};
		ED1ADD4B29362A14006596ED /* Build configuration list for PBXNativeTarget "CoreDataExample" */ = {
			isa = XCConfigurationList;
			buildConfigurations = (
				ED1ADD4C29362A14006596ED /* Debug */,
				ED1ADD4D29362A14006596ED /* Release */,
			);
			defaultConfigurationIsVisible = 0;
			defaultConfigurationName = Release;
		};
/* End XCConfigurationList section */

/* Begin XCVersionGroup section */
		ED1ADD4029362A12006596ED /* CoreDataExample.xcdatamodeld */ = {
			isa = XCVersionGroup;
			children = (
				ED1ADD4129362A12006596ED /* CoreDataExample.xcdatamodel */,
			);
			currentVersion = ED1ADD4129362A12006596ED /* CoreDataExample.xcdatamodel */;
			path = CoreDataExample.xcdatamodeld;
			sourceTree = "<group>";
			versionGroupType = wrapper.xcdatamodel;
		};
/* End XCVersionGroup section */
	};
	rootObject = ED1ADD2C29362A12006596ED /* Project object */;
}
